
Microsoft Visual Studio Solution File, Format Version 12.00
# Visual Studio Version 17
VisualStudioVersion = 17.7.34031.279
MinimumVisualStudioVersion = 10.0.40219.1
Project("{8BC9CEB8-8B4A-11D0-8D11-00A0C91BC942}") = "Shader13", "Shader13\Shader13.vcxproj", "{7A430A5B-2A1C-493F-951D-C4E2899EF91B}"
EndProject
Global
	GlobalSection(SolutionConfigurationPlatforms) = preSolution
		Debug|x64 = Debug|x64
		Debug|x86 = Debug|x86
		Release|x64 = Release|x64
		Release|x86 = Release|x86
	EndGlobalSection
	GlobalSection(ProjectConfigurationPlatforms) = postSolution
		{7A430A5B-2A1C-493F-951D-C4E2899EF91B}.Debug|x64.ActiveCfg = Debug|x64
		{7A430A5B-2A1C-493F-951D-C4E2899EF91B}.Debug|x64.Build.0 = Debug|x64
		{7A430A5B-2A1C-493F-951D-C4E2899EF91B}.Debug|x86.ActiveCfg = Debug|Win32
		{7A430A5B-2A1C-493F-951D-C4E2899EF91B}.Debug|x86.Build.0 = Debug|Win32
		{7A430A5B-2A1C-493F-951D-C4E2899EF91B}.Release|x64.ActiveCfg = Release|x64
		{7A430A5B-2A1C-493F-951D-C4E2899EF91B}.Release|x64.Build.0 = Release|x64
		{7A430A5B-2A1C-493F-951D-C4E2899EF91B}.Release|x86.ActiveCfg = Release|Win32
		{7A430A5B-2A1C-493F-951D-C4E2899EF91B}.Release|x86.Build.0 = Release|Win32
	EndGlobalSection
	GlobalSection(SolutionProperties) = preSolution
		HideSolutionNode = FALSE
	EndGlobalSection
	GlobalSection(ExtensibilityGlobals) = postSolution
		SolutionGuid = {0B4497ED-E6BE-48E2-9915-CB864DFB6B83}
	EndGlobalSection
EndGlobal
