
Microsoft Visual Studio Solution File, Format Version 12.00
# Visual Studio Version 17
VisualStudioVersion = 17.5.33414.496
MinimumVisualStudioVersion = 10.0.40219.1
Project("{8BC9CEB8-8B4A-11D0-8D11-00A0C91BC942}") = "warmingup2", "warmingup2\warmingup2.vcxproj", "{15E89D32-4907-4BBD-BE38-5D1216FDF262}"
EndProject
Global
	GlobalSection(SolutionConfigurationPlatforms) = preSolution
		Debug|x64 = Debug|x64
		Debug|x86 = Debug|x86
		Release|x64 = Release|x64
		Release|x86 = Release|x86
	EndGlobalSection
	GlobalSection(ProjectConfigurationPlatforms) = postSolution
		{15E89D32-4907-4BBD-BE38-5D1216FDF262}.Debug|x64.ActiveCfg = Debug|x64
		{15E89D32-4907-4BBD-BE38-5D1216FDF262}.Debug|x64.Build.0 = Debug|x64
		{15E89D32-4907-4BBD-BE38-5D1216FDF262}.Debug|x86.ActiveCfg = Debug|Win32
		{15E89D32-4907-4BBD-BE38-5D1216FDF262}.Debug|x86.Build.0 = Debug|Win32
		{15E89D32-4907-4BBD-BE38-5D1216FDF262}.Release|x64.ActiveCfg = Release|x64
		{15E89D32-4907-4BBD-BE38-5D1216FDF262}.Release|x64.Build.0 = Release|x64
		{15E89D32-4907-4BBD-BE38-5D1216FDF262}.Release|x86.ActiveCfg = Release|Win32
		{15E89D32-4907-4BBD-BE38-5D1216FDF262}.Release|x86.Build.0 = Release|Win32
	EndGlobalSection
	GlobalSection(SolutionProperties) = preSolution
		HideSolutionNode = FALSE
	EndGlobalSection
	GlobalSection(ExtensibilityGlobals) = postSolution
		SolutionGuid = {548421A1-F295-4F22-8691-E9776F48F283}
	EndGlobalSection
EndGlobal
