
Microsoft Visual Studio Solution File, Format Version 12.00
# Visual Studio Version 17
VisualStudioVersion = 17.5.33414.496
MinimumVisualStudioVersion = 10.0.40219.1
Project("{8BC9CEB8-8B4A-11D0-8D11-00A0C91BC942}") = "warmingup6", "warmingup6\warmingup6.vcxproj", "{DF8DC6EF-A11F-491A-A4CB-AA28F3EBF902}"
EndProject
Global
	GlobalSection(SolutionConfigurationPlatforms) = preSolution
		Debug|x64 = Debug|x64
		Debug|x86 = Debug|x86
		Release|x64 = Release|x64
		Release|x86 = Release|x86
	EndGlobalSection
	GlobalSection(ProjectConfigurationPlatforms) = postSolution
		{DF8DC6EF-A11F-491A-A4CB-AA28F3EBF902}.Debug|x64.ActiveCfg = Debug|x64
		{DF8DC6EF-A11F-491A-A4CB-AA28F3EBF902}.Debug|x64.Build.0 = Debug|x64
		{DF8DC6EF-A11F-491A-A4CB-AA28F3EBF902}.Debug|x86.ActiveCfg = Debug|Win32
		{DF8DC6EF-A11F-491A-A4CB-AA28F3EBF902}.Debug|x86.Build.0 = Debug|Win32
		{DF8DC6EF-A11F-491A-A4CB-AA28F3EBF902}.Release|x64.ActiveCfg = Release|x64
		{DF8DC6EF-A11F-491A-A4CB-AA28F3EBF902}.Release|x64.Build.0 = Release|x64
		{DF8DC6EF-A11F-491A-A4CB-AA28F3EBF902}.Release|x86.ActiveCfg = Release|Win32
		{DF8DC6EF-A11F-491A-A4CB-AA28F3EBF902}.Release|x86.Build.0 = Release|Win32
	EndGlobalSection
	GlobalSection(SolutionProperties) = preSolution
		HideSolutionNode = FALSE
	EndGlobalSection
	GlobalSection(ExtensibilityGlobals) = postSolution
		SolutionGuid = {2DD6D560-368C-41EF-9686-331E68896774}
	EndGlobalSection
EndGlobal
