
Microsoft Visual Studio Solution File, Format Version 12.00
# Visual Studio Version 17
VisualStudioVersion = 17.7.34031.279
MinimumVisualStudioVersion = 10.0.40219.1
Project("{8BC9CEB8-8B4A-11D0-8D11-00A0C91BC942}") = "Shader8", "Shader8\Shader8.vcxproj", "{0A32554C-2FC4-4186-BA50-10A77C066B8E}"
EndProject
Global
	GlobalSection(SolutionConfigurationPlatforms) = preSolution
		Debug|x64 = Debug|x64
		Debug|x86 = Debug|x86
		Release|x64 = Release|x64
		Release|x86 = Release|x86
	EndGlobalSection
	GlobalSection(ProjectConfigurationPlatforms) = postSolution
		{0A32554C-2FC4-4186-BA50-10A77C066B8E}.Debug|x64.ActiveCfg = Debug|x64
		{0A32554C-2FC4-4186-BA50-10A77C066B8E}.Debug|x64.Build.0 = Debug|x64
		{0A32554C-2FC4-4186-BA50-10A77C066B8E}.Debug|x86.ActiveCfg = Debug|Win32
		{0A32554C-2FC4-4186-BA50-10A77C066B8E}.Debug|x86.Build.0 = Debug|Win32
		{0A32554C-2FC4-4186-BA50-10A77C066B8E}.Release|x64.ActiveCfg = Release|x64
		{0A32554C-2FC4-4186-BA50-10A77C066B8E}.Release|x64.Build.0 = Release|x64
		{0A32554C-2FC4-4186-BA50-10A77C066B8E}.Release|x86.ActiveCfg = Release|Win32
		{0A32554C-2FC4-4186-BA50-10A77C066B8E}.Release|x86.Build.0 = Release|Win32
	EndGlobalSection
	GlobalSection(SolutionProperties) = preSolution
		HideSolutionNode = FALSE
	EndGlobalSection
	GlobalSection(ExtensibilityGlobals) = postSolution
		SolutionGuid = {007DBA75-49F2-4605-8F72-42AAB3C99A4C}
	EndGlobalSection
EndGlobal
